
Microsoft Visual Studio Solution File, Format Version 12.00
# Visual Studio 15
VisualStudioVersion = 15.0.27130.2027
MinimumVisualStudioVersion = 10.0.40219.1
Project("{FAE04EC0-301F-11D3-BF4B-00C04F79EFBC}") = "Pacman", "Pacman\Pacman.csproj", "{B1ED35EC-606E-4514-B4FF-05167BADE98E}"
EndProject
Global
	GlobalSection(SolutionConfigurationPlatforms) = preSolution
		Debug|Any CPU = Debug|Any CPU
		Release|Any CPU = Release|Any CPU
	EndGlobalSection
	GlobalSection(ProjectConfigurationPlatforms) = postSolution
		{B1ED35EC-606E-4514-B4FF-05167BADE98E}.Debug|Any CPU.ActiveCfg = Debug|Any CPU
		{B1ED35EC-606E-4514-B4FF-05167BADE98E}.Debug|Any CPU.Build.0 = Debug|Any CPU
		{B1ED35EC-606E-4514-B4FF-05167BADE98E}.Release|Any CPU.ActiveCfg = Release|Any CPU
		{B1ED35EC-606E-4514-B4FF-05167BADE98E}.Release|Any CPU.Build.0 = Release|Any CPU
	EndGlobalSection
	GlobalSection(SolutionProperties) = preSolution
		HideSolutionNode = FALSE
	EndGlobalSection
	GlobalSection(ExtensibilityGlobals) = postSolution
		SolutionGuid = {1337F3F5-9064-4721-8522-3A9E8A301DD2}
	EndGlobalSection
EndGlobal
